
Microsoft Visual Studio Solution File, Format Version 12.00
# Visual Studio Version 17
VisualStudioVersion = 17.9.34622.214
MinimumVisualStudioVersion = 10.0.40219.1
Project("{8BC9CEB8-8B4A-11D0-8D11-00A0C91BC942}") = "LabProject00", "LabProject00\LabProject00.vcxproj", "{32350A6B-6225-4078-B949-DC145DBFAD64}"
EndProject
Project("{8BC9CEB8-8B4A-11D0-8D11-00A0C91BC942}") = "LabProject01", "LabProject01\LabProject01.vcxproj", "{2AE8C47A-212C-40DF-AC5A-3312D7613F70}"
EndProject
Project("{8BC9CEB8-8B4A-11D0-8D11-00A0C91BC942}") = "LabProject02", "LabProject02\LabProject02.vcxproj", "{D6C4B228-B881-4B93-AC15-E08DB67E9CC1}"
EndProject
Project("{8BC9CEB8-8B4A-11D0-8D11-00A0C91BC942}") = "LabProject03", "LabProject03\LabProject03.vcxproj", "{0CA3A69F-5B08-4984-A791-10EB698E779F}"
EndProject
Project("{8BC9CEB8-8B4A-11D0-8D11-00A0C91BC942}") = "LabProject04", "LabProject04\LabProject04.vcxproj", "{065AA2C9-E472-4FFE-9985-80453568E440}"
EndProject
Project("{8BC9CEB8-8B4A-11D0-8D11-00A0C91BC942}") = "LabProject05", "LabProject05\LabProject05.vcxproj", "{DB8C1E7D-BD8F-422C-AB24-19A7755CDEF5}"
EndProject
Project("{8BC9CEB8-8B4A-11D0-8D11-00A0C91BC942}") = "LabProject05-01", "LabProject05-01\LabProject05-01.vcxproj", "{519FAD12-B239-4BC7-87ED-9BA9D6663D64}"
EndProject
Project("{8BC9CEB8-8B4A-11D0-8D11-00A0C91BC942}") = "LabProject06", "LabProject06\LabProject06.vcxproj", "{2AACD8F3-C5A4-4832-A034-4D7E05E26F7A}"
EndProject
Project("{8BC9CEB8-8B4A-11D0-8D11-00A0C91BC942}") = "LabProject07", "LabProject07\LabProject07.vcxproj", "{D2D4A24E-470B-45BA-81EF-884071DA143E}"
EndProject
Project("{8BC9CEB8-8B4A-11D0-8D11-00A0C91BC942}") = "LabProject08", "LabProject08\LabProject08.vcxproj", "{D1188D64-E08A-42EF-929C-E5A05B9A85B4}"
EndProject
Project("{8BC9CEB8-8B4A-11D0-8D11-00A0C91BC942}") = "LabProject09", "LabProject09\LabProject09.vcxproj", "{ED932704-2EF5-45EE-9839-6A630507066A}"
EndProject
Project("{8BC9CEB8-8B4A-11D0-8D11-00A0C91BC942}") = "LabProject10", "LabProject10\LabProject10.vcxproj", "{902FEDD5-87C2-4CA7-B434-21BD4B5B2ABB}"
EndProject
Project("{8BC9CEB8-8B4A-11D0-8D11-00A0C91BC942}") = "LabProject11", "LabProject11\LabProject11.vcxproj", "{1B0816C5-3382-4FB3-A926-9CAE8C56961D}"
EndProject
Project("{8BC9CEB8-8B4A-11D0-8D11-00A0C91BC942}") = "LabProject12", "LabProject12\LabProject12.vcxproj", "{9CDAC424-74E6-476C-9B04-3AF368FA9D89}"
EndProject
Project("{8BC9CEB8-8B4A-11D0-8D11-00A0C91BC942}") = "LabProject13", "LabProject13\LabProject13.vcxproj", "{9065B5FD-6DAE-414B-A42A-0700D428A032}"
EndProject
Global
	GlobalSection(SolutionConfigurationPlatforms) = preSolution
		Debug|x64 = Debug|x64
		Debug|x86 = Debug|x86
		Release|x64 = Release|x64
		Release|x86 = Release|x86
	EndGlobalSection
	GlobalSection(ProjectConfigurationPlatforms) = postSolution
		{32350A6B-6225-4078-B949-DC145DBFAD64}.Debug|x64.ActiveCfg = Debug|x64
		{32350A6B-6225-4078-B949-DC145DBFAD64}.Debug|x64.Build.0 = Debug|x64
		{32350A6B-6225-4078-B949-DC145DBFAD64}.Debug|x86.ActiveCfg = Debug|Win32
		{32350A6B-6225-4078-B949-DC145DBFAD64}.Debug|x86.Build.0 = Debug|Win32
		{32350A6B-6225-4078-B949-DC145DBFAD64}.Release|x64.ActiveCfg = Release|x64
		{32350A6B-6225-4078-B949-DC145DBFAD64}.Release|x64.Build.0 = Release|x64
		{32350A6B-6225-4078-B949-DC145DBFAD64}.Release|x86.ActiveCfg = Release|Win32
		{32350A6B-6225-4078-B949-DC145DBFAD64}.Release|x86.Build.0 = Release|Win32
		{2AE8C47A-212C-40DF-AC5A-3312D7613F70}.Debug|x64.ActiveCfg = Debug|x64
		{2AE8C47A-212C-40DF-AC5A-3312D7613F70}.Debug|x64.Build.0 = Debug|x64
		{2AE8C47A-212C-40DF-AC5A-3312D7613F70}.Debug|x86.ActiveCfg = Debug|Win32
		{2AE8C47A-212C-40DF-AC5A-3312D7613F70}.Debug|x86.Build.0 = Debug|Win32
		{2AE8C47A-212C-40DF-AC5A-3312D7613F70}.Release|x64.ActiveCfg = Release|x64
		{2AE8C47A-212C-40DF-AC5A-3312D7613F70}.Release|x64.Build.0 = Release|x64
		{2AE8C47A-212C-40DF-AC5A-3312D7613F70}.Release|x86.ActiveCfg = Release|Win32
		{2AE8C47A-212C-40DF-AC5A-3312D7613F70}.Release|x86.Build.0 = Release|Win32
		{D6C4B228-B881-4B93-AC15-E08DB67E9CC1}.Debug|x64.ActiveCfg = Debug|x64
		{D6C4B228-B881-4B93-AC15-E08DB67E9CC1}.Debug|x64.Build.0 = Debug|x64
		{D6C4B228-B881-4B93-AC15-E08DB67E9CC1}.Debug|x86.ActiveCfg = Debug|Win32
		{D6C4B228-B881-4B93-AC15-E08DB67E9CC1}.Debug|x86.Build.0 = Debug|Win32
		{D6C4B228-B881-4B93-AC15-E08DB67E9CC1}.Release|x64.ActiveCfg = Release|x64
		{D6C4B228-B881-4B93-AC15-E08DB67E9CC1}.Release|x64.Build.0 = Release|x64
		{D6C4B228-B881-4B93-AC15-E08DB67E9CC1}.Release|x86.ActiveCfg = Release|Win32
		{D6C4B228-B881-4B93-AC15-E08DB67E9CC1}.Release|x86.Build.0 = Release|Win32
		{0CA3A69F-5B08-4984-A791-10EB698E779F}.Debug|x64.ActiveCfg = Debug|x64
		{0CA3A69F-5B08-4984-A791-10EB698E779F}.Debug|x64.Build.0 = Debug|x64
		{0CA3A69F-5B08-4984-A791-10EB698E779F}.Debug|x86.ActiveCfg = Debug|Win32
		{0CA3A69F-5B08-4984-A791-10EB698E779F}.Debug|x86.Build.0 = Debug|Win32
		{0CA3A69F-5B08-4984-A791-10EB698E779F}.Release|x64.ActiveCfg = Release|x64
		{0CA3A69F-5B08-4984-A791-10EB698E779F}.Release|x64.Build.0 = Release|x64
		{0CA3A69F-5B08-4984-A791-10EB698E779F}.Release|x86.ActiveCfg = Release|Win32
		{0CA3A69F-5B08-4984-A791-10EB698E779F}.Release|x86.Build.0 = Release|Win32
		{065AA2C9-E472-4FFE-9985-80453568E440}.Debug|x64.ActiveCfg = Debug|x64
		{065AA2C9-E472-4FFE-9985-80453568E440}.Debug|x64.Build.0 = Debug|x64
		{065AA2C9-E472-4FFE-9985-80453568E440}.Debug|x86.ActiveCfg = Debug|Win32
		{065AA2C9-E472-4FFE-9985-80453568E440}.Debug|x86.Build.0 = Debug|Win32
		{065AA2C9-E472-4FFE-9985-80453568E440}.Release|x64.ActiveCfg = Release|x64
		{065AA2C9-E472-4FFE-9985-80453568E440}.Release|x64.Build.0 = Release|x64
		{065AA2C9-E472-4FFE-9985-80453568E440}.Release|x86.ActiveCfg = Release|Win32
		{065AA2C9-E472-4FFE-9985-80453568E440}.Release|x86.Build.0 = Release|Win32
		{DB8C1E7D-BD8F-422C-AB24-19A7755CDEF5}.Debug|x64.ActiveCfg = Debug|x64
		{DB8C1E7D-BD8F-422C-AB24-19A7755CDEF5}.Debug|x64.Build.0 = Debug|x64
		{DB8C1E7D-BD8F-422C-AB24-19A7755CDEF5}.Debug|x86.ActiveCfg = Debug|Win32
		{DB8C1E7D-BD8F-422C-AB24-19A7755CDEF5}.Debug|x86.Build.0 = Debug|Win32
		{DB8C1E7D-BD8F-422C-AB24-19A7755CDEF5}.Release|x64.ActiveCfg = Release|x64
		{DB8C1E7D-BD8F-422C-AB24-19A7755CDEF5}.Release|x64.Build.0 = Release|x64
		{DB8C1E7D-BD8F-422C-AB24-19A7755CDEF5}.Release|x86.ActiveCfg = Release|Win32
		{DB8C1E7D-BD8F-422C-AB24-19A7755CDEF5}.Release|x86.Build.0 = Release|Win32
		{519FAD12-B239-4BC7-87ED-9BA9D6663D64}.Debug|x64.ActiveCfg = Debug|x64
		{519FAD12-B239-4BC7-87ED-9BA9D6663D64}.Debug|x64.Build.0 = Debug|x64
		{519FAD12-B239-4BC7-87ED-9BA9D6663D64}.Debug|x86.ActiveCfg = Debug|Win32
		{519FAD12-B239-4BC7-87ED-9BA9D6663D64}.Debug|x86.Build.0 = Debug|Win32
		{519FAD12-B239-4BC7-87ED-9BA9D6663D64}.Release|x64.ActiveCfg = Release|x64
		{519FAD12-B239-4BC7-87ED-9BA9D6663D64}.Release|x64.Build.0 = Release|x64
		{519FAD12-B239-4BC7-87ED-9BA9D6663D64}.Release|x86.ActiveCfg = Release|Win32
		{519FAD12-B239-4BC7-87ED-9BA9D6663D64}.Release|x86.Build.0 = Release|Win32
		{2AACD8F3-C5A4-4832-A034-4D7E05E26F7A}.Debug|x64.ActiveCfg = Debug|x64
		{2AACD8F3-C5A4-4832-A034-4D7E05E26F7A}.Debug|x64.Build.0 = Debug|x64
		{2AACD8F3-C5A4-4832-A034-4D7E05E26F7A}.Debug|x86.ActiveCfg = Debug|Win32
		{2AACD8F3-C5A4-4832-A034-4D7E05E26F7A}.Debug|x86.Build.0 = Debug|Win32
		{2AACD8F3-C5A4-4832-A034-4D7E05E26F7A}.Release|x64.ActiveCfg = Release|x64
		{2AACD8F3-C5A4-4832-A034-4D7E05E26F7A}.Release|x64.Build.0 = Release|x64
		{2AACD8F3-C5A4-4832-A034-4D7E05E26F7A}.Release|x86.ActiveCfg = Release|Win32
		{2AACD8F3-C5A4-4832-A034-4D7E05E26F7A}.Release|x86.Build.0 = Release|Win32
		{D2D4A24E-470B-45BA-81EF-884071DA143E}.Debug|x64.ActiveCfg = Debug|x64
		{D2D4A24E-470B-45BA-81EF-884071DA143E}.Debug|x64.Build.0 = Debug|x64
		{D2D4A24E-470B-45BA-81EF-884071DA143E}.Debug|x86.ActiveCfg = Debug|Win32
		{D2D4A24E-470B-45BA-81EF-884071DA143E}.Debug|x86.Build.0 = Debug|Win32
		{D2D4A24E-470B-45BA-81EF-884071DA143E}.Release|x64.ActiveCfg = Release|x64
		{D2D4A24E-470B-45BA-81EF-884071DA143E}.Release|x64.Build.0 = Release|x64
		{D2D4A24E-470B-45BA-81EF-884071DA143E}.Release|x86.ActiveCfg = Release|Win32
		{D2D4A24E-470B-45BA-81EF-884071DA143E}.Release|x86.Build.0 = Release|Win32
		{D1188D64-E08A-42EF-929C-E5A05B9A85B4}.Debug|x64.ActiveCfg = Debug|x64
		{D1188D64-E08A-42EF-929C-E5A05B9A85B4}.Debug|x64.Build.0 = Debug|x64
		{D1188D64-E08A-42EF-929C-E5A05B9A85B4}.Debug|x86.ActiveCfg = Debug|Win32
		{D1188D64-E08A-42EF-929C-E5A05B9A85B4}.Debug|x86.Build.0 = Debug|Win32
		{D1188D64-E08A-42EF-929C-E5A05B9A85B4}.Release|x64.ActiveCfg = Release|x64
		{D1188D64-E08A-42EF-929C-E5A05B9A85B4}.Release|x64.Build.0 = Release|x64
		{D1188D64-E08A-42EF-929C-E5A05B9A85B4}.Release|x86.ActiveCfg = Release|Win32
		{D1188D64-E08A-42EF-929C-E5A05B9A85B4}.Release|x86.Build.0 = Release|Win32
		{ED932704-2EF5-45EE-9839-6A630507066A}.Debug|x64.ActiveCfg = Debug|x64
		{ED932704-2EF5-45EE-9839-6A630507066A}.Debug|x64.Build.0 = Debug|x64
		{ED932704-2EF5-45EE-9839-6A630507066A}.Debug|x86.ActiveCfg = Debug|Win32
		{ED932704-2EF5-45EE-9839-6A630507066A}.Debug|x86.Build.0 = Debug|Win32
		{ED932704-2EF5-45EE-9839-6A630507066A}.Release|x64.ActiveCfg = Release|x64
		{ED932704-2EF5-45EE-9839-6A630507066A}.Release|x64.Build.0 = Release|x64
		{ED932704-2EF5-45EE-9839-6A630507066A}.Release|x86.ActiveCfg = Release|Win32
		{ED932704-2EF5-45EE-9839-6A630507066A}.Release|x86.Build.0 = Release|Win32
		{902FEDD5-87C2-4CA7-B434-21BD4B5B2ABB}.Debug|x64.ActiveCfg = Debug|x64
		{902FEDD5-87C2-4CA7-B434-21BD4B5B2ABB}.Debug|x64.Build.0 = Debug|x64
		{902FEDD5-87C2-4CA7-B434-21BD4B5B2ABB}.Debug|x86.ActiveCfg = Debug|Win32
		{902FEDD5-87C2-4CA7-B434-21BD4B5B2ABB}.Debug|x86.Build.0 = Debug|Win32
		{902FEDD5-87C2-4CA7-B434-21BD4B5B2ABB}.Release|x64.ActiveCfg = Release|x64
		{902FEDD5-87C2-4CA7-B434-21BD4B5B2ABB}.Release|x64.Build.0 = Release|x64
		{902FEDD5-87C2-4CA7-B434-21BD4B5B2ABB}.Release|x86.ActiveCfg = Release|Win32
		{902FEDD5-87C2-4CA7-B434-21BD4B5B2ABB}.Release|x86.Build.0 = Release|Win32
		{1B0816C5-3382-4FB3-A926-9CAE8C56961D}.Debug|x64.ActiveCfg = Debug|x64
		{1B0816C5-3382-4FB3-A926-9CAE8C56961D}.Debug|x64.Build.0 = Debug|x64
		{1B0816C5-3382-4FB3-A926-9CAE8C56961D}.Debug|x86.ActiveCfg = Debug|Win32
		{1B0816C5-3382-4FB3-A926-9CAE8C56961D}.Debug|x86.Build.0 = Debug|Win32
		{1B0816C5-3382-4FB3-A926-9CAE8C56961D}.Release|x64.ActiveCfg = Release|x64
		{1B0816C5-3382-4FB3-A926-9CAE8C56961D}.Release|x64.Build.0 = Release|x64
		{1B0816C5-3382-4FB3-A926-9CAE8C56961D}.Release|x86.ActiveCfg = Release|Win32
		{1B0816C5-3382-4FB3-A926-9CAE8C56961D}.Release|x86.Build.0 = Release|Win32
		{9CDAC424-74E6-476C-9B04-3AF368FA9D89}.Debug|x64.ActiveCfg = Debug|x64
		{9CDAC424-74E6-476C-9B04-3AF368FA9D89}.Debug|x64.Build.0 = Debug|x64
		{9CDAC424-74E6-476C-9B04-3AF368FA9D89}.Debug|x86.ActiveCfg = Debug|Win32
		{9CDAC424-74E6-476C-9B04-3AF368FA9D89}.Debug|x86.Build.0 = Debug|Win32
		{9CDAC424-74E6-476C-9B04-3AF368FA9D89}.Release|x64.ActiveCfg = Release|x64
		{9CDAC424-74E6-476C-9B04-3AF368FA9D89}.Release|x64.Build.0 = Release|x64
		{9CDAC424-74E6-476C-9B04-3AF368FA9D89}.Release|x86.ActiveCfg = Release|Win32
		{9CDAC424-74E6-476C-9B04-3AF368FA9D89}.Release|x86.Build.0 = Release|Win32
		{9065B5FD-6DAE-414B-A42A-0700D428A032}.Debug|x64.ActiveCfg = Debug|x64
		{9065B5FD-6DAE-414B-A42A-0700D428A032}.Debug|x64.Build.0 = Debug|x64
		{9065B5FD-6DAE-414B-A42A-0700D428A032}.Debug|x86.ActiveCfg = Debug|Win32
		{9065B5FD-6DAE-414B-A42A-0700D428A032}.Debug|x86.Build.0 = Debug|Win32
		{9065B5FD-6DAE-414B-A42A-0700D428A032}.Release|x64.ActiveCfg = Release|x64
		{9065B5FD-6DAE-414B-A42A-0700D428A032}.Release|x64.Build.0 = Release|x64
		{9065B5FD-6DAE-414B-A42A-0700D428A032}.Release|x86.ActiveCfg = Release|Win32
		{9065B5FD-6DAE-414B-A42A-0700D428A032}.Release|x86.Build.0 = Release|Win32
	EndGlobalSection
	GlobalSection(SolutionProperties) = preSolution
		HideSolutionNode = FALSE
	EndGlobalSection
	GlobalSection(ExtensibilityGlobals) = postSolution
		SolutionGuid = {A57622B5-E50B-4E42-A26F-F55BBF926B56}
	EndGlobalSection
EndGlobal
